
Microsoft Visual Studio Solution File, Format Version 12.00
# Visual Studio Version 17
VisualStudioVersion = 17.14.36212.18 d17.14
MinimumVisualStudioVersion = 10.0.40219.1
Project("{FAE04EC0-301F-11D3-BF4B-00C04F79EFBC}") = "ObChecked 2A", "ObChecked 2A\ObChecked 2A.csproj", "{40C5BD4E-17D3-465E-8A8F-13A47976DFF6}"
EndProject
Global
	GlobalSection(SolutionConfigurationPlatforms) = preSolution
		Debug|Any CPU = Debug|Any CPU
		Release|Any CPU = Release|Any CPU
	EndGlobalSection
	GlobalSection(ProjectConfigurationPlatforms) = postSolution
		{40C5BD4E-17D3-465E-8A8F-13A47976DFF6}.Debug|Any CPU.ActiveCfg = Debug|Any CPU
		{40C5BD4E-17D3-465E-8A8F-13A47976DFF6}.Debug|Any CPU.Build.0 = Debug|Any CPU
		{40C5BD4E-17D3-465E-8A8F-13A47976DFF6}.Release|Any CPU.ActiveCfg = Release|Any CPU
		{40C5BD4E-17D3-465E-8A8F-13A47976DFF6}.Release|Any CPU.Build.0 = Release|Any CPU
	EndGlobalSection
	GlobalSection(SolutionProperties) = preSolution
		HideSolutionNode = FALSE
	EndGlobalSection
	GlobalSection(ExtensibilityGlobals) = postSolution
		SolutionGuid = {9C55E1BC-95F3-4775-AA6D-7F0946850FB4}
	EndGlobalSection
EndGlobal
